{
  "version": 4,
  "terraform_version": "1.16.3",
  "serial": 38,
  "lineage": "e353979c-968f-b957-e285-408cbee9a2ab",
  "outputs": {
    "account_id": {
      "value": "419717495525",
      "type": "string"
    },
    "next_steps": {
      "value": "1. Copy state_bucket below into envs/stage.backend.hcl (the bucket\n   name contains a random token, so it is not predictable - you must copy it).\n2. Copy the two role ARNs into GitHub repository VARIABLES (not secrets):\n     AWS_TF_PLAN_ROLE_STAGE  = \u003ctf_plan_role_arn\u003e\n     AWS_TF_APPLY_ROLE_STAGE = \u003ctf_apply_role_arn\u003e\n3. Confirm config/main.tf has the right account_id for stage.\n4. Commit envs/stage.backend.hcl and bootstrap/terraform.tfstate.\n",
      "type": "string"
    },
    "state_bucket": {
      "value": "scribl-stage-tfstate-fxiju7",
      "type": "string"
    },
    "tf_apply_role_arn": {
      "value": "arn:aws:iam::419717495525:role/scribl-stage-tf-apply",
      "type": "string"
    },
    "tf_plan_role_arn": {
      "value": "arn:aws:iam::419717495525:role/scribl-stage-tf-plan",
      "type": "string"
    }
  },
  "resources": [
    {
      "mode": "data",
      "type": "aws_caller_identity",
      "name": "current",
      "provider": "provider[\"registry.terraform.io/hashicorp/aws\"]",
      "instances": [
        {
          "schema_version": 0,
          "attributes": {
            "account_id": "419717495525",
            "arn": "arn:aws:iam::419717495525:user/mohit.dalal@bounteous.com",
            "id": "419717495525",
            "user_id": "AIDAWDOI4XLSQM6MW5PAR"
          },
          "sensitive_attributes": [],
          "identity_schema_version": 0
        }
      ]
    },
    {
      "mode": "data",
      "type": "aws_iam_openid_connect_provider",
      "name": "github",
      "provider": "provider[\"registry.terraform.io/hashicorp/aws\"]",
      "instances": [
        {
          "schema_version": 0,
          "attributes": {
            "arn": "arn:aws:iam::419717495525:oidc-provider/token.actions.githubusercontent.com",
            "client_id_list": [
              "sts.amazonaws.com"
            ],
            "id": "arn:aws:iam::419717495525:oidc-provider/token.actions.githubusercontent.com",
            "tags": {
              "Environment": "stage",
              "ManagedBy": "terraform-bootstrap",
              "Name": "github-actions-oidc",
              "Project": "scribl"
            },
            "thumbprint_list": [
              "6938fd4d98bab03faadb97b34396831e3780aea1"
            ],
            "url": "token.actions.githubusercontent.com"
          },
          "sensitive_attributes": [],
          "identity_schema_version": 0
        }
      ]
    },
    {
      "mode": "data",
      "type": "aws_iam_policy_document",
      "name": "state_access",
      "provider": "provider[\"registry.terraform.io/hashicorp/aws\"]",
      "instances": [
        {
          "schema_version": 0,
          "attributes": {
            "id": "3859545988",
            "json": "{\n  \"Version\": \"2012-10-17\",\n  \"Statement\": [\n    {\n      \"Effect\": \"Allow\",\n      \"Action\": [\n        \"s3:ListBucket\",\n        \"s3:GetBucketVersioning\"\n      ],\n      \"Resource\": \"arn:aws:s3:::scribl-stage-tfstate-fxiju7\"\n    },\n    {\n      \"Effect\": \"Allow\",\n      \"Action\": [\n        \"s3:PutObject\",\n        \"s3:GetObject\",\n        \"s3:DeleteObject\"\n      ],\n      \"Resource\": \"arn:aws:s3:::scribl-stage-tfstate-fxiju7/*\"\n    }\n  ]\n}",
            "minified_json": "{\"Version\":\"2012-10-17\",\"Statement\":[{\"Effect\":\"Allow\",\"Action\":[\"s3:ListBucket\",\"s3:GetBucketVersioning\"],\"Resource\":\"arn:aws:s3:::scribl-stage-tfstate-fxiju7\"},{\"Effect\":\"Allow\",\"Action\":[\"s3:PutObject\",\"s3:GetObject\",\"s3:DeleteObject\"],\"Resource\":\"arn:aws:s3:::scribl-stage-tfstate-fxiju7/*\"}]}",
            "override_json": null,
            "override_policy_documents": null,
            "policy_id": null,
            "source_json": null,
            "source_policy_documents": null,
            "statement": [
              {
                "actions": [
                  "s3:GetBucketVersioning",
                  "s3:ListBucket"
                ],
                "condition": [],
                "effect": "Allow",
                "not_actions": [],
                "not_principals": [],
                "not_resources": [],
                "principals": [],
                "resources": [
                  "arn:aws:s3:::scribl-stage-tfstate-fxiju7"
                ],
                "sid": ""
              },
              {
                "actions": [
                  "s3:DeleteObject",
                  "s3:GetObject",
                  "s3:PutObject"
                ],
                "condition": [],
                "effect": "Allow",
                "not_actions": [],
                "not_principals": [],
                "not_resources": [],
                "principals": [],
                "resources": [
                  "arn:aws:s3:::scribl-stage-tfstate-fxiju7/*"
                ],
                "sid": ""
              }
            ],
            "version": "2012-10-17"
          },
          "sensitive_attributes": [],
          "identity_schema_version": 0
        }
      ]
    },
    {
      "mode": "managed",
      "type": "aws_iam_openid_connect_provider",
      "name": "github",
      "provider": "provider[\"registry.terraform.io/hashicorp/aws\"]",
      "instances": [
        {
          "index_key": 0,
          "schema_version": 0,
          "attributes": {
            "arn": "arn:aws:iam::419717495525:oidc-provider/token.actions.githubusercontent.com",
            "client_id_list": [
              "sts.amazonaws.com"
            ],
            "id": "arn:aws:iam::419717495525:oidc-provider/token.actions.githubusercontent.com",
            "tags": {
              "Name": "github-actions-oidc"
            },
            "tags_all": {
              "Environment": "stage",
              "ManagedBy": "terraform-bootstrap",
              "Name": "github-actions-oidc",
              "Project": "scribl"
            },
            "thumbprint_list": [
              "6938fd4d98bab03faadb97b34396831e3780aea1"
            ],
            "url": "token.actions.githubusercontent.com"
          },
          "sensitive_attributes": [],
          "identity_schema_version": 0,
          "identity": {
            "arn": "arn:aws:iam::419717495525:oidc-provider/token.actions.githubusercontent.com"
          },
          "private": "bnVsbA=="
        }
      ]
    },
    {
      "mode": "managed",
      "type": "aws_iam_role",
      "name": "tf_apply",
      "provider": "provider[\"registry.terraform.io/hashicorp/aws\"]",
      "instances": [
        {
          "schema_version": 0,
          "attributes": {
            "arn": "arn:aws:iam::419717495525:role/scribl-stage-tf-apply",
            "assume_role_policy": "{\"Statement\":[{\"Action\":\"sts:AssumeRoleWithWebIdentity\",\"Condition\":{\"StringEquals\":{\"token.actions.githubusercontent.com:aud\":\"sts.amazonaws.com\"},\"StringLike\":{\"token.actions.githubusercontent.com:sub\":[\"repo:ScriblOrg@129197376/Infra-Scribl@1371735174:ref:refs/heads/main\",\"repo:ScriblOrg@129197376/Infra-Scribl@1371735174:environment:stage\"]}},\"Effect\":\"Allow\",\"Principal\":{\"Federated\":\"arn:aws:iam::419717495525:oidc-provider/token.actions.githubusercontent.com\"}}],\"Version\":\"2012-10-17\"}",
            "create_date": "2026-09-21T07:28:40Z",
            "description": "Terraform apply via GitHub OIDC, gated by a GitHub Environment",
            "force_detach_policies": false,
            "id": "scribl-stage-tf-apply",
            "inline_policy": [
              {
                "name": "terraform-iam-management",
                "policy": "{\"Version\":\"2012-10-17\",\"Statement\":[{\"Action\":[\"iam:CreateRole\",\"iam:DeleteRole\",\"iam:GetRole\",\"iam:UpdateRole\",\"iam:UpdateRoleDescription\",\"iam:ListRoles\",\"iam:TagRole\",\"iam:UntagRole\",\"iam:PassRole\",\"iam:AttachRolePolicy\",\"iam:DetachRolePolicy\",\"iam:PutRolePolicy\",\"iam:DeleteRolePolicy\",\"iam:GetRolePolicy\",\"iam:ListRolePolicies\",\"iam:ListAttachedRolePolicies\",\"iam:CreateInstanceProfile\",\"iam:DeleteInstanceProfile\",\"iam:GetInstanceProfile\",\"iam:AddRoleToInstanceProfile\",\"iam:RemoveRoleFromInstanceProfile\",\"iam:TagInstanceProfile\",\"iam:CreateServiceLinkedRole\",\"iam:CreatePolicy\",\"iam:DeletePolicy\",\"iam:GetPolicy\",\"iam:GetPolicyVersion\",\"iam:ListPolicyVersions\",\"iam:CreatePolicyVersion\",\"iam:DeletePolicyVersion\",\"iam:ListEntitiesForPolicy\"],\"Effect\":\"Allow\",\"Resource\":\"*\",\"Sid\":\"ManageServiceRoles\"},{\"Action\":[\"iam:CreateUser\",\"iam:DeleteUser\",\"iam:GetUser\",\"iam:TagUser\",\"iam:UntagUser\",\"iam:PutUserPolicy\",\"iam:DeleteUserPolicy\",\"iam:GetUserPolicy\",\"iam:ListUserPolicies\",\"iam:ListAttachedUserPolicies\",\"iam:CreateAccessKey\",\"iam:DeleteAccessKey\",\"iam:ListAccessKeys\",\"iam:UpdateAccessKey\"],\"Effect\":\"Allow\",\"Resource\":\"arn:aws:iam::419717495525:user/service/*\",\"Sid\":\"AllowServiceUsersUnderServicePathOnly\"},{\"Action\":[\"iam:*User*\",\"iam:*AccessKey*\"],\"Effect\":\"Deny\",\"NotResource\":\"arn:aws:iam::419717495525:user/service/*\",\"Sid\":\"DenyTouchingHumanIdentities\"},{\"Action\":[\"iam:*Group*\",\"iam:*LoginProfile*\",\"iam:*SAMLProvider*\",\"iam:*AccountAlias*\",\"iam:CreateVirtualMFADevice\",\"iam:DeactivateMFADevice\"],\"Effect\":\"Deny\",\"Resource\":\"*\",\"Sid\":\"DenyGroupsAndConsoleAccess\"},{\"Action\":[\"iam:DeleteRole\",\"iam:DeleteRolePolicy\",\"iam:DetachRolePolicy\"],\"Effect\":\"Deny\",\"Resource\":[\"arn:aws:iam::419717495525:role/scribl-stage-tf-plan\",\"arn:aws:iam::419717495525:role/scribl-stage-tf-apply\"],\"Sid\":\"ProtectBootstrap\"}]}"
              },
              {
                "name": "terraform-state-access",
                "policy": "{\"Version\":\"2012-10-17\",\"Statement\":[{\"Action\":[\"s3:ListBucket\",\"s3:GetBucketVersioning\"],\"Effect\":\"Allow\",\"Resource\":\"arn:aws:s3:::scribl-stage-tfstate-fxiju7\"},{\"Action\":[\"s3:PutObject\",\"s3:GetObject\",\"s3:DeleteObject\"],\"Effect\":\"Allow\",\"Resource\":\"arn:aws:s3:::scribl-stage-tfstate-fxiju7/*\"}]}"
              }
            ],
            "managed_policy_arns": [
              "arn:aws:iam::aws:policy/PowerUserAccess"
            ],
            "max_session_duration": 3600,
            "name": "scribl-stage-tf-apply",
            "name_prefix": "",
            "path": "/",
            "permissions_boundary": "",
            "tags": {},
            "tags_all": {
              "Environment": "stage",
              "ManagedBy": "terraform-bootstrap",
              "Project": "scribl"
            },
            "unique_id": "AROAWDOI4XLSU6P2VVJYA"
          },
          "sensitive_attributes": [],
          "identity_schema_version": 0,
          "identity": {
            "account_id": "419717495525",
            "name": "scribl-stage-tf-apply"
          },
          "private": "bnVsbA==",
          "dependencies": [
            "aws_iam_openid_connect_provider.github",
            "data.aws_iam_openid_connect_provider.github"
          ]
        }
      ]
    },
    {
      "mode": "managed",
      "type": "aws_iam_role",
      "name": "tf_plan",
      "provider": "provider[\"registry.terraform.io/hashicorp/aws\"]",
      "instances": [
        {
          "schema_version": 0,
          "attributes": {
            "arn": "arn:aws:iam::419717495525:role/scribl-stage-tf-plan",
            "assume_role_policy": "{\"Statement\":[{\"Action\":\"sts:AssumeRoleWithWebIdentity\",\"Condition\":{\"StringEquals\":{\"token.actions.githubusercontent.com:aud\":\"sts.amazonaws.com\"},\"StringLike\":{\"token.actions.githubusercontent.com:sub\":[\"repo:ScriblOrg@129197376/Infra-Scribl@1371735174:pull_request\"]}},\"Effect\":\"Allow\",\"Principal\":{\"Federated\":\"arn:aws:iam::419717495525:oidc-provider/token.actions.githubusercontent.com\"}}],\"Version\":\"2012-10-17\"}",
            "create_date": "2026-09-21T07:28:40Z",
            "description": "Terraform plan (read-only) via GitHub OIDC",
            "force_detach_policies": false,
            "id": "scribl-stage-tf-plan",
            "inline_policy": [
              {
                "name": "terraform-state-access",
                "policy": "{\"Version\":\"2012-10-17\",\"Statement\":[{\"Action\":[\"s3:ListBucket\",\"s3:GetBucketVersioning\"],\"Effect\":\"Allow\",\"Resource\":\"arn:aws:s3:::scribl-stage-tfstate-fxiju7\"},{\"Action\":[\"s3:PutObject\",\"s3:GetObject\",\"s3:DeleteObject\"],\"Effect\":\"Allow\",\"Resource\":\"arn:aws:s3:::scribl-stage-tfstate-fxiju7/*\"}]}"
              }
            ],
            "managed_policy_arns": [
              "arn:aws:iam::aws:policy/ReadOnlyAccess"
            ],
            "max_session_duration": 3600,
            "name": "scribl-stage-tf-plan",
            "name_prefix": "",
            "path": "/",
            "permissions_boundary": "",
            "tags": {},
            "tags_all": {
              "Environment": "stage",
              "ManagedBy": "terraform-bootstrap",
              "Project": "scribl"
            },
            "unique_id": "AROAWDOI4XLSQV4ZRCZ7U"
          },
          "sensitive_attributes": [],
          "identity_schema_version": 0,
          "identity": {
            "account_id": "419717495525",
            "name": "scribl-stage-tf-plan"
          },
          "private": "bnVsbA==",
          "dependencies": [
            "aws_iam_openid_connect_provider.github",
            "data.aws_iam_openid_connect_provider.github"
          ]
        }
      ]
    },
    {
      "mode": "managed",
      "type": "aws_iam_role_policy",
      "name": "tf_apply_iam",
      "provider": "provider[\"registry.terraform.io/hashicorp/aws\"]",
      "instances": [
        {
          "schema_version": 0,
          "attributes": {
            "id": "scribl-stage-tf-apply:terraform-iam-management",
            "name": "terraform-iam-management",
            "name_prefix": "",
            "policy": "{\"Version\":\"2012-10-17\",\"Statement\":[{\"Action\":[\"iam:CreateRole\",\"iam:DeleteRole\",\"iam:GetRole\",\"iam:UpdateRole\",\"iam:UpdateRoleDescription\",\"iam:ListRoles\",\"iam:TagRole\",\"iam:UntagRole\",\"iam:PassRole\",\"iam:AttachRolePolicy\",\"iam:DetachRolePolicy\",\"iam:PutRolePolicy\",\"iam:DeleteRolePolicy\",\"iam:GetRolePolicy\",\"iam:ListRolePolicies\",\"iam:ListAttachedRolePolicies\",\"iam:CreateInstanceProfile\",\"iam:DeleteInstanceProfile\",\"iam:GetInstanceProfile\",\"iam:AddRoleToInstanceProfile\",\"iam:RemoveRoleFromInstanceProfile\",\"iam:TagInstanceProfile\",\"iam:CreateServiceLinkedRole\",\"iam:CreatePolicy\",\"iam:DeletePolicy\",\"iam:GetPolicy\",\"iam:GetPolicyVersion\",\"iam:ListPolicyVersions\",\"iam:CreatePolicyVersion\",\"iam:DeletePolicyVersion\",\"iam:ListEntitiesForPolicy\"],\"Effect\":\"Allow\",\"Resource\":\"*\",\"Sid\":\"ManageServiceRoles\"},{\"Action\":[\"iam:CreateUser\",\"iam:DeleteUser\",\"iam:GetUser\",\"iam:TagUser\",\"iam:UntagUser\",\"iam:PutUserPolicy\",\"iam:DeleteUserPolicy\",\"iam:GetUserPolicy\",\"iam:ListUserPolicies\",\"iam:ListAttachedUserPolicies\",\"iam:CreateAccessKey\",\"iam:DeleteAccessKey\",\"iam:ListAccessKeys\",\"iam:UpdateAccessKey\"],\"Effect\":\"Allow\",\"Resource\":\"arn:aws:iam::419717495525:user/service/*\",\"Sid\":\"AllowServiceUsersUnderServicePathOnly\"},{\"Action\":[\"iam:*User*\",\"iam:*AccessKey*\"],\"Effect\":\"Deny\",\"NotResource\":\"arn:aws:iam::419717495525:user/service/*\",\"Sid\":\"DenyTouchingHumanIdentities\"},{\"Action\":[\"iam:*Group*\",\"iam:*LoginProfile*\",\"iam:*SAMLProvider*\",\"iam:*AccountAlias*\",\"iam:CreateVirtualMFADevice\",\"iam:DeactivateMFADevice\"],\"Effect\":\"Deny\",\"Resource\":\"*\",\"Sid\":\"DenyGroupsAndConsoleAccess\"},{\"Action\":[\"iam:DeleteRole\",\"iam:DeleteRolePolicy\",\"iam:DetachRolePolicy\"],\"Effect\":\"Deny\",\"Resource\":[\"arn:aws:iam::419717495525:role/scribl-stage-tf-plan\",\"arn:aws:iam::419717495525:role/scribl-stage-tf-apply\"],\"Sid\":\"ProtectBootstrap\"}]}",
            "role": "scribl-stage-tf-apply"
          },
          "sensitive_attributes": [],
          "identity_schema_version": 0,
          "identity": {
            "account_id": "419717495525",
            "name": "terraform-iam-management",
            "role": "scribl-stage-tf-apply"
          },
          "private": "bnVsbA==",
          "dependencies": [
            "aws_iam_openid_connect_provider.github",
            "aws_iam_role.tf_apply",
            "data.aws_caller_identity.current",
            "data.aws_iam_openid_connect_provider.github"
          ]
        }
      ]
    },
    {
      "mode": "managed",
      "type": "aws_iam_role_policy",
      "name": "tf_apply_state",
      "provider": "provider[\"registry.terraform.io/hashicorp/aws\"]",
      "instances": [
        {
          "schema_version": 0,
          "attributes": {
            "id": "scribl-stage-tf-apply:terraform-state-access",
            "name": "terraform-state-access",
            "name_prefix": "",
            "policy": "{\"Version\":\"2012-10-17\",\"Statement\":[{\"Action\":[\"s3:ListBucket\",\"s3:GetBucketVersioning\"],\"Effect\":\"Allow\",\"Resource\":\"arn:aws:s3:::scribl-stage-tfstate-fxiju7\"},{\"Action\":[\"s3:PutObject\",\"s3:GetObject\",\"s3:DeleteObject\"],\"Effect\":\"Allow\",\"Resource\":\"arn:aws:s3:::scribl-stage-tfstate-fxiju7/*\"}]}",
            "role": "scribl-stage-tf-apply"
          },
          "sensitive_attributes": [],
          "identity_schema_version": 0,
          "identity": {
            "account_id": "419717495525",
            "name": "terraform-state-access",
            "role": "scribl-stage-tf-apply"
          },
          "private": "bnVsbA==",
          "dependencies": [
            "aws_iam_openid_connect_provider.github",
            "aws_iam_role.tf_apply",
            "aws_s3_bucket.state",
            "data.aws_iam_openid_connect_provider.github",
            "data.aws_iam_policy_document.state_access",
            "random_string.suffix"
          ]
        }
      ]
    },
    {
      "mode": "managed",
      "type": "aws_iam_role_policy",
      "name": "tf_plan_state",
      "provider": "provider[\"registry.terraform.io/hashicorp/aws\"]",
      "instances": [
        {
          "schema_version": 0,
          "attributes": {
            "id": "scribl-stage-tf-plan:terraform-state-access",
            "name": "terraform-state-access",
            "name_prefix": "",
            "policy": "{\"Version\":\"2012-10-17\",\"Statement\":[{\"Action\":[\"s3:ListBucket\",\"s3:GetBucketVersioning\"],\"Effect\":\"Allow\",\"Resource\":\"arn:aws:s3:::scribl-stage-tfstate-fxiju7\"},{\"Action\":[\"s3:PutObject\",\"s3:GetObject\",\"s3:DeleteObject\"],\"Effect\":\"Allow\",\"Resource\":\"arn:aws:s3:::scribl-stage-tfstate-fxiju7/*\"}]}",
            "role": "scribl-stage-tf-plan"
          },
          "sensitive_attributes": [],
          "identity_schema_version": 0,
          "identity": {
            "account_id": "419717495525",
            "name": "terraform-state-access",
            "role": "scribl-stage-tf-plan"
          },
          "private": "bnVsbA==",
          "dependencies": [
            "aws_iam_openid_connect_provider.github",
            "aws_iam_role.tf_plan",
            "aws_s3_bucket.state",
            "data.aws_iam_openid_connect_provider.github",
            "data.aws_iam_policy_document.state_access",
            "random_string.suffix"
          ]
        }
      ]
    },
    {
      "mode": "managed",
      "type": "aws_iam_role_policy_attachment",
      "name": "tf_apply_poweruser",
      "provider": "provider[\"registry.terraform.io/hashicorp/aws\"]",
      "instances": [
        {
          "schema_version": 0,
          "attributes": {
            "id": "scribl-stage-tf-apply/arn:aws:iam::aws:policy/PowerUserAccess",
            "policy_arn": "arn:aws:iam::aws:policy/PowerUserAccess",
            "role": "scribl-stage-tf-apply"
          },
          "sensitive_attributes": [],
          "identity_schema_version": 0,
          "identity": {
            "account_id": "419717495525",
            "policy_arn": "arn:aws:iam::aws:policy/PowerUserAccess",
            "role": "scribl-stage-tf-apply"
          },
          "private": "bnVsbA==",
          "dependencies": [
            "aws_iam_openid_connect_provider.github",
            "aws_iam_role.tf_apply",
            "data.aws_iam_openid_connect_provider.github"
          ]
        }
      ]
    },
    {
      "mode": "managed",
      "type": "aws_iam_role_policy_attachment",
      "name": "tf_plan_readonly",
      "provider": "provider[\"registry.terraform.io/hashicorp/aws\"]",
      "instances": [
        {
          "schema_version": 0,
          "attributes": {
            "id": "scribl-stage-tf-plan/arn:aws:iam::aws:policy/ReadOnlyAccess",
            "policy_arn": "arn:aws:iam::aws:policy/ReadOnlyAccess",
            "role": "scribl-stage-tf-plan"
          },
          "sensitive_attributes": [],
          "identity_schema_version": 0,
          "identity": {
            "account_id": "419717495525",
            "policy_arn": "arn:aws:iam::aws:policy/ReadOnlyAccess",
            "role": "scribl-stage-tf-plan"
          },
          "private": "bnVsbA==",
          "dependencies": [
            "aws_iam_openid_connect_provider.github",
            "aws_iam_role.tf_plan",
            "data.aws_iam_openid_connect_provider.github"
          ]
        }
      ]
    },
    {
      "mode": "managed",
      "type": "aws_s3_bucket",
      "name": "state",
      "provider": "provider[\"registry.terraform.io/hashicorp/aws\"]",
      "instances": [
        {
          "schema_version": 0,
          "attributes": {
            "acceleration_status": "",
            "acl": null,
            "arn": "arn:aws:s3:::scribl-stage-tfstate-fxiju7",
            "bucket": "scribl-stage-tfstate-fxiju7",
            "bucket_domain_name": "scribl-stage-tfstate-fxiju7.s3.amazonaws.com",
            "bucket_namespace": "global",
            "bucket_prefix": "",
            "bucket_region": "us-east-1",
            "bucket_regional_domain_name": "scribl-stage-tfstate-fxiju7.s3.us-east-1.amazonaws.com",
            "cors_rule": [],
            "force_destroy": false,
            "grant": [
              {
                "id": "654d08eb4f6c41aa1751d8b6dc4c6237c775037310d0a6025679f3d684a34e18",
                "permissions": [
                  "FULL_CONTROL"
                ],
                "type": "CanonicalUser",
                "uri": ""
              }
            ],
            "hosted_zone_id": "Z3AQBSTGFYJSTF",
            "id": "scribl-stage-tfstate-fxiju7",
            "lifecycle_rule": [
              {
                "abort_incomplete_multipart_upload_days": 0,
                "enabled": true,
                "expiration": [],
                "id": "expire-old-state-versions",
                "noncurrent_version_expiration": [
                  {
                    "days": 365
                  }
                ],
                "noncurrent_version_transition": [],
                "prefix": "",
                "tags": {},
                "transition": []
              }
            ],
            "logging": [],
            "object_lock_configuration": [],
            "object_lock_enabled": false,
            "policy": "",
            "region": "us-east-1",
            "replication_configuration": [],
            "request_payer": "BucketOwner",
            "server_side_encryption_configuration": [
              {
                "rule": [
                  {
                    "apply_server_side_encryption_by_default": [
                      {
                        "kms_master_key_id": "",
                        "sse_algorithm": "AES256"
                      }
                    ],
                    "bucket_key_enabled": false
                  }
                ]
              }
            ],
            "tags": {
              "Name": "scribl-stage-tfstate-fxiju7",
              "Purpose": "terraform-state"
            },
            "tags_all": {
              "Environment": "stage",
              "ManagedBy": "terraform-bootstrap",
              "Name": "scribl-stage-tfstate-fxiju7",
              "Project": "scribl",
              "Purpose": "terraform-state"
            },
            "timeouts": null,
            "versioning": [
              {
                "enabled": true,
                "mfa_delete": false
              }
            ],
            "website": [],
            "website_domain": null,
            "website_endpoint": null
          },
          "sensitive_attributes": [],
          "identity_schema_version": 0,
          "identity": {
            "account_id": "419717495525",
            "bucket": "scribl-stage-tfstate-fxiju7",
            "region": "us-east-1"
          },
          "private": "eyJlMmJmYjczMC1lY2FhLTExZTYtOGY4OC0zNDM2M2JjN2M0YzAiOnsiY3JlYXRlIjoxMjAwMDAwMDAwMDAwLCJkZWxldGUiOjM2MDAwMDAwMDAwMDAsInJlYWQiOjEyMDAwMDAwMDAwMDAsInVwZGF0ZSI6MTIwMDAwMDAwMDAwMH19",
          "dependencies": [
            "random_string.suffix"
          ]
        }
      ]
    },
    {
      "mode": "managed",
      "type": "aws_s3_bucket_lifecycle_configuration",
      "name": "state",
      "provider": "provider[\"registry.terraform.io/hashicorp/aws\"]",
      "instances": [
        {
          "schema_version": 1,
          "attributes": {
            "bucket": "scribl-stage-tfstate-fxiju7",
            "expected_bucket_owner": "",
            "id": "scribl-stage-tfstate-fxiju7",
            "region": "us-east-1",
            "rule": [
              {
                "abort_incomplete_multipart_upload": [],
                "expiration": [],
                "filter": [
                  {
                    "and": [],
                    "object_size_greater_than": null,
                    "object_size_less_than": null,
                    "prefix": "",
                    "tag": []
                  }
                ],
                "id": "expire-old-state-versions",
                "noncurrent_version_expiration": [
                  {
                    "newer_noncurrent_versions": null,
                    "noncurrent_days": 365
                  }
                ],
                "noncurrent_version_transition": [],
                "prefix": "",
                "status": "Enabled",
                "transition": []
              }
            ],
            "timeouts": null,
            "transition_default_minimum_object_size": "all_storage_classes_128K"
          },
          "sensitive_attributes": [],
          "identity_schema_version": 0,
          "identity": {
            "account_id": "419717495525",
            "bucket": "scribl-stage-tfstate-fxiju7",
            "region": "us-east-1"
          },
          "dependencies": [
            "aws_s3_bucket.state",
            "random_string.suffix"
          ]
        }
      ]
    },
    {
      "mode": "managed",
      "type": "aws_s3_bucket_public_access_block",
      "name": "state",
      "provider": "provider[\"registry.terraform.io/hashicorp/aws\"]",
      "instances": [
        {
          "schema_version": 0,
          "attributes": {
            "block_public_acls": true,
            "block_public_policy": true,
            "bucket": "scribl-stage-tfstate-fxiju7",
            "id": "scribl-stage-tfstate-fxiju7",
            "ignore_public_acls": true,
            "region": "us-east-1",
            "restrict_public_buckets": true,
            "skip_destroy": null
          },
          "sensitive_attributes": [],
          "identity_schema_version": 0,
          "identity": {
            "account_id": "419717495525",
            "bucket": "scribl-stage-tfstate-fxiju7",
            "region": "us-east-1"
          },
          "private": "bnVsbA==",
          "dependencies": [
            "aws_s3_bucket.state",
            "random_string.suffix"
          ]
        }
      ]
    },
    {
      "mode": "managed",
      "type": "aws_s3_bucket_server_side_encryption_configuration",
      "name": "state",
      "provider": "provider[\"registry.terraform.io/hashicorp/aws\"]",
      "instances": [
        {
          "schema_version": 0,
          "attributes": {
            "bucket": "scribl-stage-tfstate-fxiju7",
            "expected_bucket_owner": "",
            "id": "scribl-stage-tfstate-fxiju7",
            "region": "us-east-1",
            "rule": [
              {
                "apply_server_side_encryption_by_default": [
                  {
                    "kms_master_key_id": "",
                    "sse_algorithm": "AES256"
                  }
                ],
                "blocked_encryption_types": [
                  "SSE-C"
                ],
                "bucket_key_enabled": false
              }
            ]
          },
          "sensitive_attributes": [],
          "identity_schema_version": 1,
          "identity": {
            "account_id": "419717495525",
            "bucket": "scribl-stage-tfstate-fxiju7",
            "region": "us-east-1"
          },
          "private": "bnVsbA==",
          "dependencies": [
            "aws_s3_bucket.state",
            "random_string.suffix"
          ]
        }
      ]
    },
    {
      "mode": "managed",
      "type": "aws_s3_bucket_versioning",
      "name": "state",
      "provider": "provider[\"registry.terraform.io/hashicorp/aws\"]",
      "instances": [
        {
          "schema_version": 0,
          "attributes": {
            "bucket": "scribl-stage-tfstate-fxiju7",
            "expected_bucket_owner": "",
            "id": "scribl-stage-tfstate-fxiju7",
            "mfa": null,
            "region": "us-east-1",
            "versioning_configuration": [
              {
                "mfa_delete": "Disabled",
                "status": "Enabled"
              }
            ]
          },
          "sensitive_attributes": [],
          "identity_schema_version": 1,
          "identity": {
            "account_id": "419717495525",
            "bucket": "scribl-stage-tfstate-fxiju7",
            "region": "us-east-1"
          },
          "private": "bnVsbA==",
          "dependencies": [
            "aws_s3_bucket.state",
            "random_string.suffix"
          ]
        }
      ]
    },
    {
      "mode": "managed",
      "type": "random_string",
      "name": "suffix",
      "provider": "provider[\"registry.terraform.io/hashicorp/random\"]",
      "instances": [
        {
          "schema_version": 2,
          "attributes": {
            "id": "fxiju7",
            "keepers": null,
            "length": 6,
            "lower": true,
            "min_lower": 0,
            "min_numeric": 0,
            "min_special": 0,
            "min_upper": 0,
            "number": true,
            "numeric": true,
            "override_special": null,
            "result": "fxiju7",
            "special": false,
            "upper": false
          },
          "sensitive_attributes": [],
          "identity_schema_version": 0
        }
      ]
    }
  ],
  "check_results": null
}
